
Microsoft Visual Studio Solution File, Format Version 12.00
# Visual Studio Version 17
VisualStudioVersion = 17.0.31903.59
MinimumVisualStudioVersion = 10.0.40219.1
Project("{2150E333-8FDC-42A3-9474-1A3956D46DE8}") = "src", "src", "{827E0CD3-B72D-47B6-A68D-7590B98EB39B}"
EndProject
Project("{FAE04EC0-301F-11D3-BF4B-00C04F79EFBC}") = "SportFrog.Api", "src\SportFrog.Api\SportFrog.Api.csproj", "{48B9FE64-6733-4273-A425-0FB2E2C94A11}"
EndProject
Project("{FAE04EC0-301F-11D3-BF4B-00C04F79EFBC}") = "SportFrog.Domain", "src\SportFrog.Domain\SportFrog.Domain.csproj", "{407A2C3E-4200-4960-98CA-AC653EF71D9C}"
EndProject
Project("{2150E333-8FDC-42A3-9474-1A3956D46DE8}") = "tests", "tests", "{0AB3BF05-4346-4AA6-1389-037BE0695223}"
EndProject
Project("{FAE04EC0-301F-11D3-BF4B-00C04F79EFBC}") = "SportFrog.Domain.Tests", "tests\SportFrog.Domain.Tests\SportFrog.Domain.Tests.csproj", "{A7902CE9-5778-415B-9DBF-F1FBF08E51F5}"
EndProject
Project("{FAE04EC0-301F-11D3-BF4B-00C04F79EFBC}") = "SportFrog.Api.Tests", "tests\SportFrog.Api.Tests\SportFrog.Api.Tests.csproj", "{536786E2-227C-4D35-8369-B3C7C5B067DA}"
EndProject
Global
	GlobalSection(SolutionConfigurationPlatforms) = preSolution
		Debug|Any CPU = Debug|Any CPU
		Debug|x64 = Debug|x64
		Debug|x86 = Debug|x86
		Release|Any CPU = Release|Any CPU
		Release|x64 = Release|x64
		Release|x86 = Release|x86
	EndGlobalSection
	GlobalSection(ProjectConfigurationPlatforms) = postSolution
		{48B9FE64-6733-4273-A425-0FB2E2C94A11}.Debug|Any CPU.ActiveCfg = Debug|Any CPU
		{48B9FE64-6733-4273-A425-0FB2E2C94A11}.Debug|Any CPU.Build.0 = Debug|Any CPU
		{48B9FE64-6733-4273-A425-0FB2E2C94A11}.Debug|x64.ActiveCfg = Debug|Any CPU
		{48B9FE64-6733-4273-A425-0FB2E2C94A11}.Debug|x64.Build.0 = Debug|Any CPU
		{48B9FE64-6733-4273-A425-0FB2E2C94A11}.Debug|x86.ActiveCfg = Debug|Any CPU
		{48B9FE64-6733-4273-A425-0FB2E2C94A11}.Debug|x86.Build.0 = Debug|Any CPU
		{48B9FE64-6733-4273-A425-0FB2E2C94A11}.Release|Any CPU.ActiveCfg = Release|Any CPU
		{48B9FE64-6733-4273-A425-0FB2E2C94A11}.Release|Any CPU.Build.0 = Release|Any CPU
		{48B9FE64-6733-4273-A425-0FB2E2C94A11}.Release|x64.ActiveCfg = Release|Any CPU
		{48B9FE64-6733-4273-A425-0FB2E2C94A11}.Release|x64.Build.0 = Release|Any CPU
		{48B9FE64-6733-4273-A425-0FB2E2C94A11}.Release|x86.ActiveCfg = Release|Any CPU
		{48B9FE64-6733-4273-A425-0FB2E2C94A11}.Release|x86.Build.0 = Release|Any CPU
		{407A2C3E-4200-4960-98CA-AC653EF71D9C}.Debug|Any CPU.ActiveCfg = Debug|Any CPU
		{407A2C3E-4200-4960-98CA-AC653EF71D9C}.Debug|Any CPU.Build.0 = Debug|Any CPU
		{407A2C3E-4200-4960-98CA-AC653EF71D9C}.Debug|x64.ActiveCfg = Debug|Any CPU
		{407A2C3E-4200-4960-98CA-AC653EF71D9C}.Debug|x64.Build.0 = Debug|Any CPU
		{407A2C3E-4200-4960-98CA-AC653EF71D9C}.Debug|x86.ActiveCfg = Debug|Any CPU
		{407A2C3E-4200-4960-98CA-AC653EF71D9C}.Debug|x86.Build.0 = Debug|Any CPU
		{407A2C3E-4200-4960-98CA-AC653EF71D9C}.Release|Any CPU.ActiveCfg = Release|Any CPU
		{407A2C3E-4200-4960-98CA-AC653EF71D9C}.Release|Any CPU.Build.0 = Release|Any CPU
		{407A2C3E-4200-4960-98CA-AC653EF71D9C}.Release|x64.ActiveCfg = Release|Any CPU
		{407A2C3E-4200-4960-98CA-AC653EF71D9C}.Release|x64.Build.0 = Release|Any CPU
		{407A2C3E-4200-4960-98CA-AC653EF71D9C}.Release|x86.ActiveCfg = Release|Any CPU
		{407A2C3E-4200-4960-98CA-AC653EF71D9C}.Release|x86.Build.0 = Release|Any CPU
		{A7902CE9-5778-415B-9DBF-F1FBF08E51F5}.Debug|Any CPU.ActiveCfg = Debug|Any CPU
		{A7902CE9-5778-415B-9DBF-F1FBF08E51F5}.Debug|Any CPU.Build.0 = Debug|Any CPU
		{A7902CE9-5778-415B-9DBF-F1FBF08E51F5}.Debug|x64.ActiveCfg = Debug|Any CPU
		{A7902CE9-5778-415B-9DBF-F1FBF08E51F5}.Debug|x64.Build.0 = Debug|Any CPU
		{A7902CE9-5778-415B-9DBF-F1FBF08E51F5}.Debug|x86.ActiveCfg = Debug|Any CPU
		{A7902CE9-5778-415B-9DBF-F1FBF08E51F5}.Debug|x86.Build.0 = Debug|Any CPU
		{A7902CE9-5778-415B-9DBF-F1FBF08E51F5}.Release|Any CPU.ActiveCfg = Release|Any CPU
		{A7902CE9-5778-415B-9DBF-F1FBF08E51F5}.Release|Any CPU.Build.0 = Release|Any CPU
		{A7902CE9-5778-415B-9DBF-F1FBF08E51F5}.Release|x64.ActiveCfg = Release|Any CPU
		{A7902CE9-5778-415B-9DBF-F1FBF08E51F5}.Release|x64.Build.0 = Release|Any CPU
		{A7902CE9-5778-415B-9DBF-F1FBF08E51F5}.Release|x86.ActiveCfg = Release|Any CPU
		{A7902CE9-5778-415B-9DBF-F1FBF08E51F5}.Release|x86.Build.0 = Release|Any CPU
		{536786E2-227C-4D35-8369-B3C7C5B067DA}.Debug|Any CPU.ActiveCfg = Debug|Any CPU
		{536786E2-227C-4D35-8369-B3C7C5B067DA}.Debug|Any CPU.Build.0 = Debug|Any CPU
		{536786E2-227C-4D35-8369-B3C7C5B067DA}.Debug|x64.ActiveCfg = Debug|Any CPU
		{536786E2-227C-4D35-8369-B3C7C5B067DA}.Debug|x64.Build.0 = Debug|Any CPU
		{536786E2-227C-4D35-8369-B3C7C5B067DA}.Debug|x86.ActiveCfg = Debug|Any CPU
		{536786E2-227C-4D35-8369-B3C7C5B067DA}.Debug|x86.Build.0 = Debug|Any CPU
		{536786E2-227C-4D35-8369-B3C7C5B067DA}.Release|Any CPU.ActiveCfg = Release|Any CPU
		{536786E2-227C-4D35-8369-B3C7C5B067DA}.Release|Any CPU.Build.0 = Release|Any CPU
		{536786E2-227C-4D35-8369-B3C7C5B067DA}.Release|x64.ActiveCfg = Release|Any CPU
		{536786E2-227C-4D35-8369-B3C7C5B067DA}.Release|x64.Build.0 = Release|Any CPU
		{536786E2-227C-4D35-8369-B3C7C5B067DA}.Release|x86.ActiveCfg = Release|Any CPU
		{536786E2-227C-4D35-8369-B3C7C5B067DA}.Release|x86.Build.0 = Release|Any CPU
	EndGlobalSection
	GlobalSection(SolutionProperties) = preSolution
		HideSolutionNode = FALSE
	EndGlobalSection
	GlobalSection(NestedProjects) = preSolution
		{48B9FE64-6733-4273-A425-0FB2E2C94A11} = {827E0CD3-B72D-47B6-A68D-7590B98EB39B}
		{407A2C3E-4200-4960-98CA-AC653EF71D9C} = {827E0CD3-B72D-47B6-A68D-7590B98EB39B}
		{A7902CE9-5778-415B-9DBF-F1FBF08E51F5} = {0AB3BF05-4346-4AA6-1389-037BE0695223}
		{536786E2-227C-4D35-8369-B3C7C5B067DA} = {0AB3BF05-4346-4AA6-1389-037BE0695223}
	EndGlobalSection
EndGlobal
